
Microsoft Visual Studio Solution File, Format Version 12.00
# Visual Studio Version 17
VisualStudioVersion = 17.14.36221.1
MinimumVisualStudioVersion = 10.0.40219.1
Project("{FAE04EC0-301F-11D3-BF4B-00C04F79EFBC}") = "C# Learn", "C# Learn\C# Learn.csproj", "{BE09B000-23B2-4EAC-9969-1D7F5319C580}"
EndProject
Project("{FAE04EC0-301F-11D3-BF4B-00C04F79EFBC}") = "LINQ", "LINQ\LINQ.csproj", "{B2F90ED9-7CCF-4CCC-ACEF-B5CA69287E45}"
EndProject
Project("{FAE04EC0-301F-11D3-BF4B-00C04F79EFBC}") = "MissingNumber", "MissingNumber\MissingNumber.csproj", "{CEEEB3BB-BD2A-4DC3-AFD5-AF3283CCFC49}"
EndProject
Project("{FAE04EC0-301F-11D3-BF4B-00C04F79EFBC}") = "ReverseLinkedList", "ReverseLinkedList\ReverseLinkedList.csproj", "{5A5AEA1F-8EC7-4879-ABA0-3FD4F8606CAC}"
EndProject
Project("{FAE04EC0-301F-11D3-BF4B-00C04F79EFBC}") = "ReverseString", "ReverseString\ReverseString.csproj", "{E28FA15B-28DD-48C6-B708-F4127814FC66}"
EndProject
Project("{FAE04EC0-301F-11D3-BF4B-00C04F79EFBC}") = "SecondHighestSalaryUsingLinQ", "SecondHighestSalaryUsingLinQ\SecondHighestSalaryUsingLinQ.csproj", "{55E51096-8BDB-475E-98B4-B9D6B9712FBE}"
EndProject
Project("{FAE04EC0-301F-11D3-BF4B-00C04F79EFBC}") = "Find_Median", "Find_Median\Find_Median.csproj", "{E78516E5-6847-43A9-9C21-61CF4944F65D}"
EndProject
Project("{FAE04EC0-301F-11D3-BF4B-00C04F79EFBC}") = "Container_With_Most_Water", "Container_With_Most_Water\Container_With_Most_Water.csproj", "{9F1B3F71-9FAC-4441-8D96-73078DB2607E}"
EndProject
Global
	GlobalSection(SolutionConfigurationPlatforms) = preSolution
		Debug|Any CPU = Debug|Any CPU
		Release|Any CPU = Release|Any CPU
	EndGlobalSection
	GlobalSection(ProjectConfigurationPlatforms) = postSolution
		{BE09B000-23B2-4EAC-9969-1D7F5319C580}.Debug|Any CPU.ActiveCfg = Debug|Any CPU
		{BE09B000-23B2-4EAC-9969-1D7F5319C580}.Debug|Any CPU.Build.0 = Debug|Any CPU
		{BE09B000-23B2-4EAC-9969-1D7F5319C580}.Release|Any CPU.ActiveCfg = Release|Any CPU
		{BE09B000-23B2-4EAC-9969-1D7F5319C580}.Release|Any CPU.Build.0 = Release|Any CPU
		{B2F90ED9-7CCF-4CCC-ACEF-B5CA69287E45}.Debug|Any CPU.ActiveCfg = Debug|Any CPU
		{B2F90ED9-7CCF-4CCC-ACEF-B5CA69287E45}.Debug|Any CPU.Build.0 = Debug|Any CPU
		{B2F90ED9-7CCF-4CCC-ACEF-B5CA69287E45}.Release|Any CPU.ActiveCfg = Release|Any CPU
		{B2F90ED9-7CCF-4CCC-ACEF-B5CA69287E45}.Release|Any CPU.Build.0 = Release|Any CPU
		{CEEEB3BB-BD2A-4DC3-AFD5-AF3283CCFC49}.Debug|Any CPU.ActiveCfg = Debug|Any CPU
		{CEEEB3BB-BD2A-4DC3-AFD5-AF3283CCFC49}.Debug|Any CPU.Build.0 = Debug|Any CPU
		{CEEEB3BB-BD2A-4DC3-AFD5-AF3283CCFC49}.Release|Any CPU.ActiveCfg = Release|Any CPU
		{CEEEB3BB-BD2A-4DC3-AFD5-AF3283CCFC49}.Release|Any CPU.Build.0 = Release|Any CPU
		{5A5AEA1F-8EC7-4879-ABA0-3FD4F8606CAC}.Debug|Any CPU.ActiveCfg = Debug|Any CPU
		{5A5AEA1F-8EC7-4879-ABA0-3FD4F8606CAC}.Debug|Any CPU.Build.0 = Debug|Any CPU
		{5A5AEA1F-8EC7-4879-ABA0-3FD4F8606CAC}.Release|Any CPU.ActiveCfg = Release|Any CPU
		{5A5AEA1F-8EC7-4879-ABA0-3FD4F8606CAC}.Release|Any CPU.Build.0 = Release|Any CPU
		{E28FA15B-28DD-48C6-B708-F4127814FC66}.Debug|Any CPU.ActiveCfg = Debug|Any CPU
		{E28FA15B-28DD-48C6-B708-F4127814FC66}.Debug|Any CPU.Build.0 = Debug|Any CPU
		{E28FA15B-28DD-48C6-B708-F4127814FC66}.Release|Any CPU.ActiveCfg = Release|Any CPU
		{E28FA15B-28DD-48C6-B708-F4127814FC66}.Release|Any CPU.Build.0 = Release|Any CPU
		{55E51096-8BDB-475E-98B4-B9D6B9712FBE}.Debug|Any CPU.ActiveCfg = Debug|Any CPU
		{55E51096-8BDB-475E-98B4-B9D6B9712FBE}.Debug|Any CPU.Build.0 = Debug|Any CPU
		{55E51096-8BDB-475E-98B4-B9D6B9712FBE}.Release|Any CPU.ActiveCfg = Release|Any CPU
		{55E51096-8BDB-475E-98B4-B9D6B9712FBE}.Release|Any CPU.Build.0 = Release|Any CPU
		{E78516E5-6847-43A9-9C21-61CF4944F65D}.Debug|Any CPU.ActiveCfg = Debug|Any CPU
		{E78516E5-6847-43A9-9C21-61CF4944F65D}.Debug|Any CPU.Build.0 = Debug|Any CPU
		{E78516E5-6847-43A9-9C21-61CF4944F65D}.Release|Any CPU.ActiveCfg = Release|Any CPU
		{E78516E5-6847-43A9-9C21-61CF4944F65D}.Release|Any CPU.Build.0 = Release|Any CPU
		{9F1B3F71-9FAC-4441-8D96-73078DB2607E}.Debug|Any CPU.ActiveCfg = Debug|Any CPU
		{9F1B3F71-9FAC-4441-8D96-73078DB2607E}.Debug|Any CPU.Build.0 = Debug|Any CPU
		{9F1B3F71-9FAC-4441-8D96-73078DB2607E}.Release|Any CPU.ActiveCfg = Release|Any CPU
		{9F1B3F71-9FAC-4441-8D96-73078DB2607E}.Release|Any CPU.Build.0 = Release|Any CPU
	EndGlobalSection
	GlobalSection(SolutionProperties) = preSolution
		HideSolutionNode = FALSE
	EndGlobalSection
	GlobalSection(ExtensibilityGlobals) = postSolution
		SolutionGuid = {4EB90765-C038-4A67-B1A8-0454685BD680}
	EndGlobalSection
EndGlobal
